
Microsoft Visual Studio Solution File, Format Version 12.00
# Visual Studio 15
VisualStudioVersion = 15.0.27130.2020
MinimumVisualStudioVersion = 10.0.40219.1
Project("{FAE04EC0-301F-11D3-BF4B-00C04F79EFBC}") = "BabyCarrot", "BabyCarrot\BabyCarrot.csproj", "{8BD86A67-E796-4C04-A78B-E3B851F14ABD}"
EndProject
Project("{FAE04EC0-301F-11D3-BF4B-00C04F79EFBC}") = "BabyCarrotTest", "BabyCarrotTest\BabyCarrotTest.csproj", "{049477FE-6E1D-4ED7-9B7E-3083CC2FFFEE}"
EndProject
Global
	GlobalSection(SolutionConfigurationPlatforms) = preSolution
		Debug|Any CPU = Debug|Any CPU
		Release|Any CPU = Release|Any CPU
	EndGlobalSection
	GlobalSection(ProjectConfigurationPlatforms) = postSolution
		{8BD86A67-E796-4C04-A78B-E3B851F14ABD}.Debug|Any CPU.ActiveCfg = Debug|Any CPU
		{8BD86A67-E796-4C04-A78B-E3B851F14ABD}.Debug|Any CPU.Build.0 = Debug|Any CPU
		{8BD86A67-E796-4C04-A78B-E3B851F14ABD}.Release|Any CPU.ActiveCfg = Release|Any CPU
		{8BD86A67-E796-4C04-A78B-E3B851F14ABD}.Release|Any CPU.Build.0 = Release|Any CPU
		{049477FE-6E1D-4ED7-9B7E-3083CC2FFFEE}.Debug|Any CPU.ActiveCfg = Debug|Any CPU
		{049477FE-6E1D-4ED7-9B7E-3083CC2FFFEE}.Debug|Any CPU.Build.0 = Debug|Any CPU
		{049477FE-6E1D-4ED7-9B7E-3083CC2FFFEE}.Release|Any CPU.ActiveCfg = Release|Any CPU
		{049477FE-6E1D-4ED7-9B7E-3083CC2FFFEE}.Release|Any CPU.Build.0 = Release|Any CPU
	EndGlobalSection
	GlobalSection(SolutionProperties) = preSolution
		HideSolutionNode = FALSE
	EndGlobalSection
	GlobalSection(ExtensibilityGlobals) = postSolution
		SolutionGuid = {D2DDA053-058A-4F2C-B54C-364E923357CB}
	EndGlobalSection
EndGlobal
